{
  "version": 4,
  "terraform_version": "1.3.4",
  "serial": 42,
  "lineage": "2cca8f86-7495-9c42-1d9c-4c39b9615d59",
  "outputs": {
    "server_ip": {
      "value": [
        "147.182.198.18",
        "143.244.179.144",
        "147.182.201.30"
      ],
      "type": [
        "tuple",
        [
          "string",
          "string",
          "string"
        ]
      ]
    }
  },
  "resources": [
    {
      "mode": "data",
      "type": "digitalocean_project",
      "name": "lab_project",
      "provider": "provider[\"registry.terraform.io/digitalocean/digitalocean\"]",
      "instances": [
        {
          "schema_version": 0,
          "attributes": {
            "created_at": "2022-11-04T04:10:56Z",
            "description": "",
            "environment": "",
            "id": "f34af0b9-054d-44b3-b2af-69f2b4388017",
            "is_default": true,
            "name": "4640_labs",
            "owner_id": 12807986,
            "owner_uuid": "062014f6-c414-4127-b66c-06acc09b8eaa",
            "purpose": "Class project / Educational purposes",
            "resources": [],
            "updated_at": "2022-11-04T08:37:52Z"
          },
          "sensitive_attributes": []
        }
      ]
    },
    {
      "mode": "data",
      "type": "digitalocean_ssh_key",
      "name": "my_key",
      "provider": "provider[\"registry.terraform.io/digitalocean/digitalocean\"]",
      "instances": [
        {
          "schema_version": 0,
          "attributes": {
            "fingerprint": "15:27:1c:7b:59:ea:bf:d7:1a:2f:89:c3:0b:70:86:82",
            "id": 36741714,
            "name": "my_key",
            "public_key": "ssh-rsa AAAAB3NzaC1yc2EAAAADAQABAAABgQCi6WHJVYCSU5McD/8aGiifCm9byLkC9PvcMhpU+f5VFarsadoF/DtlCGaUIY0EqIv7x0gEC6FIBiZQr/FkZV77GbyobPeARKeM+hYJNuh/Ff+WoLKtTRHFdDq9wyFRVTW7lAEWwG00ybtL93XxhgnUmjvYa4N7bmEMAvFibuYUIZewOpd1C8vKIP+wTodvqezsKq3rpQorv1oQ83Idre4JLFLe8qxfvzJEWwtmTxBmE/Hw/V94Lmqhax4uZxZp5ufx+pC2/S2BwfBzLTpesoaQ0JjIdRs7s1I3WuvLWNlmtsyVMRtdE8XAen1s/Mj8LNcg/DGY72yUp++0LNX4UZeqCjQovFjCDcBTPcHb8WARbHQEDqrNTH8eviBw6y+s7bRqIwr9UGBG4HfHGtX3OaxhEuMv+oue2EmU+ywlkoro7cLX0JrIshC6rlNu6HSjZUOChl3Qf8M/yTT2RelOIyDk7szxk/cL634JyPsiTErLu5PAM8Sgt6A3d6aOU5oxgWs= stuartwsl@LAPTOP-SMFKQ5PA"
          },
          "sensitive_attributes": []
        }
      ]
    },
    {
      "mode": "managed",
      "type": "digitalocean_droplet",
      "name": "web",
      "provider": "provider[\"registry.terraform.io/digitalocean/digitalocean\"]",
      "instances": [
        {
          "index_key": 0,
          "schema_version": 1,
          "attributes": {
            "backups": false,
            "created_at": "2022-11-12T06:31:16Z",
            "disk": 10,
            "droplet_agent": null,
            "graceful_shutdown": false,
            "id": "325646866",
            "image": "rockylinux-9-x64",
            "ipv4_address": "147.182.198.18",
            "ipv4_address_private": "10.124.16.3",
            "ipv6": false,
            "ipv6_address": "",
            "locked": false,
            "memory": 512,
            "monitoring": false,
            "name": "web-1",
            "price_hourly": 0.00595,
            "price_monthly": 4,
            "private_networking": true,
            "region": "sfo3",
            "resize_disk": true,
            "size": "s-1vcpu-512mb-10gb",
            "ssh_keys": [
              "36741714"
            ],
            "status": "active",
            "tags": [
              "Web"
            ],
            "timeouts": null,
            "urn": "do:droplet:325646866",
            "user_data": null,
            "vcpus": 1,
            "volume_ids": [],
            "vpc_uuid": "be74f84b-9edd-4b88-8e37-58d801f41543"
          },
          "sensitive_attributes": [],
          "private": "eyJlMmJmYjczMC1lY2FhLTExZTYtOGY4OC0zNDM2M2JjN2M0YzAiOnsiY3JlYXRlIjozNjAwMDAwMDAwMDAwLCJkZWxldGUiOjYwMDAwMDAwMDAwLCJ1cGRhdGUiOjM2MDAwMDAwMDAwMDB9LCJzY2hlbWFfdmVyc2lvbiI6IjEifQ==",
          "dependencies": [
            "data.digitalocean_ssh_key.my_key",
            "digitalocean_tag.do_tag",
            "digitalocean_vpc.web_vpc"
          ],
          "create_before_destroy": true
        },
        {
          "index_key": 1,
          "schema_version": 1,
          "attributes": {
            "backups": false,
            "created_at": "2022-11-12T06:31:16Z",
            "disk": 10,
            "droplet_agent": null,
            "graceful_shutdown": false,
            "id": "325646867",
            "image": "rockylinux-9-x64",
            "ipv4_address": "143.244.179.144",
            "ipv4_address_private": "10.124.16.2",
            "ipv6": false,
            "ipv6_address": "",
            "locked": false,
            "memory": 512,
            "monitoring": false,
            "name": "web-2",
            "price_hourly": 0.00595,
            "price_monthly": 4,
            "private_networking": true,
            "region": "sfo3",
            "resize_disk": true,
            "size": "s-1vcpu-512mb-10gb",
            "ssh_keys": [
              "36741714"
            ],
            "status": "active",
            "tags": [
              "Web"
            ],
            "timeouts": null,
            "urn": "do:droplet:325646867",
            "user_data": null,
            "vcpus": 1,
            "volume_ids": [],
            "vpc_uuid": "be74f84b-9edd-4b88-8e37-58d801f41543"
          },
          "sensitive_attributes": [],
          "private": "eyJlMmJmYjczMC1lY2FhLTExZTYtOGY4OC0zNDM2M2JjN2M0YzAiOnsiY3JlYXRlIjozNjAwMDAwMDAwMDAwLCJkZWxldGUiOjYwMDAwMDAwMDAwLCJ1cGRhdGUiOjM2MDAwMDAwMDAwMDB9LCJzY2hlbWFfdmVyc2lvbiI6IjEifQ==",
          "dependencies": [
            "data.digitalocean_ssh_key.my_key",
            "digitalocean_tag.do_tag",
            "digitalocean_vpc.web_vpc"
          ],
          "create_before_destroy": true
        },
        {
          "index_key": 2,
          "schema_version": 1,
          "attributes": {
            "backups": false,
            "created_at": "2022-11-12T06:31:17Z",
            "disk": 10,
            "droplet_agent": null,
            "graceful_shutdown": false,
            "id": "325646869",
            "image": "rockylinux-9-x64",
            "ipv4_address": "147.182.201.30",
            "ipv4_address_private": "10.124.16.4",
            "ipv6": false,
            "ipv6_address": "",
            "locked": false,
            "memory": 512,
            "monitoring": false,
            "name": "web-3",
            "price_hourly": 0.00595,
            "price_monthly": 4,
            "private_networking": true,
            "region": "sfo3",
            "resize_disk": true,
            "size": "s-1vcpu-512mb-10gb",
            "ssh_keys": [
              "36741714"
            ],
            "status": "active",
            "tags": [
              "Web"
            ],
            "timeouts": null,
            "urn": "do:droplet:325646869",
            "user_data": null,
            "vcpus": 1,
            "volume_ids": [],
            "vpc_uuid": "be74f84b-9edd-4b88-8e37-58d801f41543"
          },
          "sensitive_attributes": [],
          "private": "eyJlMmJmYjczMC1lY2FhLTExZTYtOGY4OC0zNDM2M2JjN2M0YzAiOnsiY3JlYXRlIjozNjAwMDAwMDAwMDAwLCJkZWxldGUiOjYwMDAwMDAwMDAwLCJ1cGRhdGUiOjM2MDAwMDAwMDAwMDB9LCJzY2hlbWFfdmVyc2lvbiI6IjEifQ==",
          "dependencies": [
            "data.digitalocean_ssh_key.my_key",
            "digitalocean_tag.do_tag",
            "digitalocean_vpc.web_vpc"
          ],
          "create_before_destroy": true
        }
      ]
    },
    {
      "mode": "managed",
      "type": "digitalocean_loadbalancer",
      "name": "public",
      "provider": "provider[\"registry.terraform.io/digitalocean/digitalocean\"]",
      "instances": [
        {
          "schema_version": 1,
          "attributes": {
            "algorithm": "round_robin",
            "disable_lets_encrypt_dns_records": false,
            "droplet_ids": [
              325646866,
              325646867,
              325646869
            ],
            "droplet_tag": "Web",
            "enable_backend_keepalive": false,
            "enable_proxy_protocol": false,
            "forwarding_rule": [
              {
                "certificate_id": "",
                "certificate_name": "",
                "entry_port": 80,
                "entry_protocol": "http",
                "target_port": 80,
                "target_protocol": "http",
                "tls_passthrough": false
              }
            ],
            "healthcheck": [
              {
                "check_interval_seconds": 10,
                "healthy_threshold": 5,
                "path": "",
                "port": 22,
                "protocol": "tcp",
                "response_timeout_seconds": 5,
                "unhealthy_threshold": 3
              }
            ],
            "id": "7b88eb46-5e2c-4462-8185-4118e389f3bf",
            "ip": "137.184.245.197",
            "name": "loadbalancer-1",
            "redirect_http_to_https": false,
            "region": "sfo3",
            "size": null,
            "size_unit": 1,
            "status": "active",
            "sticky_sessions": [
              {
                "cookie_name": "",
                "cookie_ttl_seconds": 0,
                "type": "none"
              }
            ],
            "urn": "do:loadbalancer:7b88eb46-5e2c-4462-8185-4118e389f3bf",
            "vpc_uuid": "be74f84b-9edd-4b88-8e37-58d801f41543"
          },
          "sensitive_attributes": [],
          "private": "eyJzY2hlbWFfdmVyc2lvbiI6IjEifQ==",
          "dependencies": [
            "digitalocean_vpc.web_vpc"
          ]
        }
      ]
    },
    {
      "mode": "managed",
      "type": "digitalocean_project_resources",
      "name": "project_attach",
      "provider": "provider[\"registry.terraform.io/digitalocean/digitalocean\"]",
      "instances": [
        {
          "schema_version": 0,
          "attributes": {
            "id": "f34af0b9-054d-44b3-b2af-69f2b4388017",
            "project": "f34af0b9-054d-44b3-b2af-69f2b4388017",
            "resources": [
              "do:droplet:325646866",
              "do:droplet:325646867",
              "do:droplet:325646869"
            ]
          },
          "sensitive_attributes": [],
          "private": "bnVsbA==",
          "dependencies": [
            "data.digitalocean_project.lab_project",
            "data.digitalocean_ssh_key.my_key",
            "digitalocean_droplet.web",
            "digitalocean_tag.do_tag",
            "digitalocean_vpc.web_vpc"
          ]
        }
      ]
    },
    {
      "mode": "managed",
      "type": "digitalocean_tag",
      "name": "do_tag",
      "provider": "provider[\"registry.terraform.io/digitalocean/digitalocean\"]",
      "instances": [
        {
          "schema_version": 0,
          "attributes": {
            "databases_count": 0,
            "droplets_count": 0,
            "id": "Web",
            "images_count": 0,
            "name": "Web",
            "total_resource_count": 0,
            "volume_snapshots_count": 0,
            "volumes_count": 0
          },
          "sensitive_attributes": [],
          "private": "bnVsbA==",
          "create_before_destroy": true
        }
      ]
    },
    {
      "mode": "managed",
      "type": "digitalocean_vpc",
      "name": "web_vpc",
      "provider": "provider[\"registry.terraform.io/digitalocean/digitalocean\"]",
      "instances": [
        {
          "schema_version": 0,
          "attributes": {
            "created_at": "2022-11-12 06:31:16 +0000 UTC",
            "default": false,
            "description": "",
            "id": "be74f84b-9edd-4b88-8e37-58d801f41543",
            "ip_range": "10.124.16.0/20",
            "name": "web",
            "region": "sfo3",
            "timeouts": null,
            "urn": "do:vpc:be74f84b-9edd-4b88-8e37-58d801f41543"
          },
          "sensitive_attributes": [],
          "private": "eyJlMmJmYjczMC1lY2FhLTExZTYtOGY4OC0zNDM2M2JjN2M0YzAiOnsiZGVsZXRlIjoxMjAwMDAwMDAwMDB9fQ==",
          "create_before_destroy": true
        }
      ]
    }
  ],
  "check_results": null
}
